github.com/Nightmarlin/golang_tour/x_and_o v0.0.0-20200529124042-d79ede97f788 h1:eMYbQxubzN3GOZaWCU6y+UWvZDV29UE8L5gZ8CBsNZs=
github.com/Nightmarlin/golang_tour/x_and_o v0.0.0-20200529124042-d79ede97f788/go.mod h1:v+Zbvm7eU42mdThHyERWlQoF0luUvpOi7cw3YoqXHH8=
github.com/Nightmarlin/golang_tour/x_and_o v0.0.0-20200529130544-4a447b80dbce h1:UAEFwaREWTRlbN2861YR9AyfThmGrYm9ynHbzG5xpVE=
github.com/Nightmarlin/golang_tour/x_and_o v0.0.0-20200529130544-4a447b80dbce/go.mod h1:v+Zbvm7eU42mdThHyERWlQoF0luUvpOi7cw3YoqXHH8=
