github.com/Nightmarlin/golang_tour/x_and_o v0.0.0-20200529130544-4a447b80dbce h1:UAEFwaREWTRlbN2861YR9AyfThmGrYm9ynHbzG5xpVE=
github.com/Nightmarlin/golang_tour/x_and_o v0.0.0-20200529130544-4a447b80dbce/go.mod h1:v+Zbvm7eU42mdThHyERWlQoF0luUvpOi7cw3YoqXHH8=
github.com/Nightmarlin/golang_tour/x_and_o v0.0.0-20200529145713-adcba6b7677d h1:OpR019uGNuzsDP5V1JPnpAckVc3b3U3FjLYQ5yeJCN8=
github.com/Nightmarlin/golang_tour/x_and_o v0.0.0-20200529145713-adcba6b7677d/go.mod h1:v+Zbvm7eU42mdThHyERWlQoF0luUvpOi7cw3YoqXHH8=
